{
  "name": "test",
  "version": "1.0.0",
  "lockfileVersion": 1,
  "requires": true,
  "dependencies": {
    "@napi-rs/triples": {
      "version": "1.0.3",
      "resolved": "https://registry.npmjs.org/@napi-rs/triples/-/triples-1.0.3.tgz",
      "integrity": "sha512-jDJTpta+P4p1NZTFVLHJ/TLFVYVcOqv6l8xwOeBKNPMgY/zDYH/YH7SJbvrr/h1RcS9GzbPcLKGzpuK9cV56UA=="
    },
    "@node-rs/helper": {
      "version": "1.2.1",
      "resolved": "https://registry.npmjs.org/@node-rs/helper/-/helper-1.2.1.tgz",
      "integrity": "sha512-R5wEmm8nbuQU0YGGmYVjEc0OHtYsuXdpRG+Ut/3wZ9XAvQWyThN08bTh2cBJgoZxHQUPtvRfeQuxcAgLuiBISg==",
      "requires": {
        "@napi-rs/triples": "^1.0.3"
      }
    },
    "@nodelib/fs.scandir": {
      "version": "2.1.5",
      "resolved": "https://registry.npmjs.org/@nodelib/fs.scandir/-/fs.scandir-2.1.5.tgz",
      "integrity": "sha512-vq24Bq3ym5HEQm2NKCr3yXDwjc7vTsEThRDnkp2DK9p1uqLR+DHurm/NOTo0KG7HYHU7eppKZj3MyqYuMBf62g==",
      "requires": {
        "@nodelib/fs.stat": "2.0.5",
        "run-parallel": "^1.1.9"
      }
    },
    "@nodelib/fs.stat": {
      "version": "2.0.5",
      "resolved": "https://registry.npmjs.org/@nodelib/fs.stat/-/fs.stat-2.0.5.tgz",
      "integrity": "sha512-RkhPPp2zrqDAQA/2jNhnztcPAlv64XdhIp7a7454A5ovI7Bukxgt7MX7udwAu3zg1DcpPU0rz3VV1SeaqvY4+A=="
    },
    "@nodelib/fs.walk": {
      "version": "1.2.8",
      "resolved": "https://registry.npmjs.org/@nodelib/fs.walk/-/fs.walk-1.2.8.tgz",
      "integrity": "sha512-oGB+UxlgWcgQkgwo8GcEGwemoTFt3FIO9ababBmaGwXIoBKZ+GTy0pP185beGg7Llih/NSHSV2XAs1lnznocSg==",
      "requires": {
        "@nodelib/fs.scandir": "2.1.5",
        "fastq": "^1.6.0"
      }
    },
    "@swc/cli": {
      "version": "0.1.46",
      "resolved": "https://registry.npmjs.org/@swc/cli/-/cli-0.1.46.tgz",
      "integrity": "sha512-xRpsVEQoBP3bC3Pfk7CpPAjzfcIMd93KxL6uPd8uLQ93roC+sAqoZnXWsihxn8KFLlFC+7rfcbcoB0XFxag9qg==",
      "requires": {
        "commander": "^7.1.0",
        "fast-glob": "^3.2.5",
        "slash": "3.0.0",
        "source-map": "^0.7.3"
      }
    },
    "@swc/core": {
      "version": "1.2.66",
      "resolved": "https://registry.npmjs.org/@swc/core/-/core-1.2.66.tgz",
      "integrity": "sha512-zwQlgXvpBkDwIXlVBp9VRYm8NoEmFQSpIiDzFrrvTeYKXPOIjDDMDFiFz5k1UEZejR4nCHo1MUyCXaRoykRDqg==",
      "requires": {
        "@node-rs/helper": "^1.0.0",
        "@swc/core-android-arm64": "^1.2.66",
        "@swc/core-darwin-arm64": "^1.2.66",
        "@swc/core-darwin-x64": "^1.2.66",
        "@swc/core-freebsd-x64": "^1.2.66",
        "@swc/core-linux-arm-gnueabihf": "^1.2.66",
        "@swc/core-linux-arm64-gnu": "^1.2.66",
        "@swc/core-linux-arm64-musl": "^1.2.66",
        "@swc/core-linux-x64-gnu": "^1.2.66",
        "@swc/core-linux-x64-musl": "^1.2.66",
        "@swc/core-win32-arm64-msvc": "^1.2.66",
        "@swc/core-win32-ia32-msvc": "^1.2.66",
        "@swc/core-win32-x64-msvc": "^1.2.66"
      }
    },
    "@swc/core-android-arm64": {
      "version": "1.2.66",
      "resolved": "https://registry.npmjs.org/@swc/core-android-arm64/-/core-android-arm64-1.2.66.tgz",
      "integrity": "sha512-qSc+wvqeHh+rjyJDBZSXQI2VCJ9xHPZpZk9fehvgcYmsPHkcjtUt6lwj6SIFdkklasw4p1Jq7vMQzAdegUa9VQ==",
      "optional": true
    },
    "@swc/core-darwin-arm64": {
      "version": "1.2.66",
      "resolved": "https://registry.npmjs.org/@swc/core-darwin-arm64/-/core-darwin-arm64-1.2.66.tgz",
      "integrity": "sha512-ij0vh+HJJRggN6zwY/WQ1BaQHit+w/VbdHjM+nzYtzASpSiN3+jvb6XeON5bKLxnDGPvuKsk4Bgg1k5ib9oTxQ==",
      "optional": true
    },
    "@swc/core-darwin-x64": {
      "version": "1.2.66",
      "resolved": "https://registry.npmjs.org/@swc/core-darwin-x64/-/core-darwin-x64-1.2.66.tgz",
      "integrity": "sha512-TvxV/ntjdwsUdvhuvIG53kZUtrMcBGAwqYNveuk24fjytZqtV0UC6TfHw+iUd+DeAm+4wLIgyZIatlyxqmm3TQ==",
      "optional": true
    },
    "@swc/core-freebsd-x64": {
      "version": "1.2.66",
      "resolved": "https://registry.npmjs.org/@swc/core-freebsd-x64/-/core-freebsd-x64-1.2.66.tgz",
      "integrity": "sha512-5D/MBbnOU4NCpG9UyYJCkqOKH0+hPX9T/x8GqQbPy9BBBYQLey42ISyvx33HgD2XTVy8cnLr3vFrhLnWmoFy1A==",
      "optional": true
    },
    "@swc/core-linux-arm-gnueabihf": {
      "version": "1.2.66",
      "resolved": "https://registry.npmjs.org/@swc/core-linux-arm-gnueabihf/-/core-linux-arm-gnueabihf-1.2.66.tgz",
      "integrity": "sha512-aWPdEGAkDUJ326BzK5f26hq6Ra2MMzwe2saJW6xjkefbJn0CFtpGX/koFmqpL6ewRlkOQlKcjvN+3ndjtmQEhw==",
      "optional": true
    },
    "@swc/core-linux-arm64-gnu": {
      "version": "1.2.66",
      "resolved": "https://registry.npmjs.org/@swc/core-linux-arm64-gnu/-/core-linux-arm64-gnu-1.2.66.tgz",
      "integrity": "sha512-Jc5ePO2zsvFgFp5myesOTcRxOb/SVwJvDDDGrilyE+5Ou9iACfYRwFk/2E9P6FK3t5KnZbRMPLJVIoPQ0mm10A==",
      "optional": true
    },
    "@swc/core-linux-arm64-musl": {
      "version": "1.2.66",
      "resolved": "https://registry.npmjs.org/@swc/core-linux-arm64-musl/-/core-linux-arm64-musl-1.2.66.tgz",
      "integrity": "sha512-S/3jriGPYipACxGdgo2tEjr9J3ZRk2K8nsyQQRwsDofr1P5PTN9coGWpSX+/YdbJa1bYo0CCLpdaeJIDiP/bng==",
      "optional": true
    },
    "@swc/core-linux-x64-gnu": {
      "version": "1.2.66",
      "resolved": "https://registry.npmjs.org/@swc/core-linux-x64-gnu/-/core-linux-x64-gnu-1.2.66.tgz",
      "integrity": "sha512-nk+saTGX4LoVl1m5rIaDJZ/zdr7lqxtQ2ab/cAk158Bpix1W+YaWTM14YojVurE0h8U6OmNYBQd1gB9wm+eTHQ==",
      "optional": true
    },
    "@swc/core-linux-x64-musl": {
      "version": "1.2.66",
      "resolved": "https://registry.npmjs.org/@swc/core-linux-x64-musl/-/core-linux-x64-musl-1.2.66.tgz",
      "integrity": "sha512-LkGwggHPa4v4dn/61AbqWELxTqkLRXSZeFT7TN3fqsJ7fZn5U0G/TvTIODFEw1hz6B4d4OQpvx8NZ9woIrbgFQ==",
      "optional": true
    },
    "@swc/core-win32-arm64-msvc": {
      "version": "1.2.66",
      "resolved": "https://registry.npmjs.org/@swc/core-win32-arm64-msvc/-/core-win32-arm64-msvc-1.2.66.tgz",
      "integrity": "sha512-KYHcBKAIfBC0Sv8QXi2p0xJpY4P1LaVbxUey+m9aQJG+yAq/MPq5emO+leZ34veJHQgw876VTsVTqPcqrMyGTw==",
      "optional": true
    },
    "@swc/core-win32-ia32-msvc": {
      "version": "1.2.66",
      "resolved": "https://registry.npmjs.org/@swc/core-win32-ia32-msvc/-/core-win32-ia32-msvc-1.2.66.tgz",
      "integrity": "sha512-+QbC1W245rLOmP6YXJAiizfC28MLol+0w+TFf+n42cQMecjfwZpdmhLCwaJNOfT3sq5F8mY77+rk3KngUaOvfw==",
      "optional": true
    },
    "@swc/core-win32-x64-msvc": {
      "version": "1.2.66",
      "resolved": "https://registry.npmjs.org/@swc/core-win32-x64-msvc/-/core-win32-x64-msvc-1.2.66.tgz",
      "integrity": "sha512-xnuLSpmgUJ/9KI4O7dIKAhoiWPRjDd0175Fqeltj8o87FQQkskc+c6BS5Lp7XnroWIf/UE6os8sRxt5LbcfSOA==",
      "optional": true
    },
    "braces": {
      "version": "3.0.2",
      "resolved": "https://registry.npmjs.org/braces/-/braces-3.0.2.tgz",
      "integrity": "sha512-b8um+L1RzM3WDSzvhm6gIz1yfTbBt6YTlcEKAvsmqCZZFw46z626lVj9j1yEPW33H5H+lBQpZMP1k8l+78Ha0A==",
      "requires": {
        "fill-range": "^7.0.1"
      }
    },
    "commander": {
      "version": "7.2.0",
      "resolved": "https://registry.npmjs.org/commander/-/commander-7.2.0.tgz",
      "integrity": "sha512-QrWXB+ZQSVPmIWIhtEO9H+gwHaMGYiF5ChvoJ+K9ZGHG/sVsa6yiesAD1GC/x46sET00Xlwo1u49RVVVzvcSkw=="
    },
    "fast-glob": {
      "version": "3.2.7",
      "resolved": "https://registry.npmjs.org/fast-glob/-/fast-glob-3.2.7.tgz",
      "integrity": "sha512-rYGMRwip6lUMvYD3BTScMwT1HtAs2d71SMv66Vrxs0IekGZEjhM0pcMfjQPnknBt2zeCwQMEupiN02ZP4DiT1Q==",
      "requires": {
        "@nodelib/fs.stat": "^2.0.2",
        "@nodelib/fs.walk": "^1.2.3",
        "glob-parent": "^5.1.2",
        "merge2": "^1.3.0",
        "micromatch": "^4.0.4"
      }
    },
    "fastq": {
      "version": "1.11.1",
      "resolved": "https://registry.npmjs.org/fastq/-/fastq-1.11.1.tgz",
      "integrity": "sha512-HOnr8Mc60eNYl1gzwp6r5RoUyAn5/glBolUzP/Ez6IFVPMPirxn/9phgL6zhOtaTy7ISwPvQ+wT+hfcRZh/bzw==",
      "requires": {
        "reusify": "^1.0.4"
      }
    },
    "fill-range": {
      "version": "7.0.1",
      "resolved": "https://registry.npmjs.org/fill-range/-/fill-range-7.0.1.tgz",
      "integrity": "sha512-qOo9F+dMUmC2Lcb4BbVvnKJxTPjCm+RRpe4gDuGrzkL7mEVl/djYSu2OdQ2Pa302N4oqkSg9ir6jaLWJ2USVpQ==",
      "requires": {
        "to-regex-range": "^5.0.1"
      }
    },
    "glob-parent": {
      "version": "5.1.2",
      "resolved": "https://registry.npmjs.org/glob-parent/-/glob-parent-5.1.2.tgz",
      "integrity": "sha512-AOIgSQCepiJYwP3ARnGx+5VnTu2HBYdzbGP45eLw1vr3zB3vZLeyed1sC9hnbcOc9/SrMyM5RPQrkGz4aS9Zow==",
      "requires": {
        "is-glob": "^4.0.1"
      }
    },
    "is-extglob": {
      "version": "2.1.1",
      "resolved": "https://registry.npmjs.org/is-extglob/-/is-extglob-2.1.1.tgz",
      "integrity": "sha1-qIwCU1eR8C7TfHahueqXc8gz+MI="
    },
    "is-glob": {
      "version": "4.0.1",
      "resolved": "https://registry.npmjs.org/is-glob/-/is-glob-4.0.1.tgz",
      "integrity": "sha512-5G0tKtBTFImOqDnLB2hG6Bp2qcKEFduo4tZu9MT/H6NQv/ghhy30o55ufafxJ/LdH79LLs2Kfrn85TLKyA7BUg==",
      "requires": {
        "is-extglob": "^2.1.1"
      }
    },
    "is-number": {
      "version": "7.0.0",
      "resolved": "https://registry.npmjs.org/is-number/-/is-number-7.0.0.tgz",
      "integrity": "sha512-41Cifkg6e8TylSpdtTpeLVMqvSBEVzTttHvERD741+pnZ8ANv0004MRL43QKPDlK9cGvNp6NZWZUBlbGXYxxng=="
    },
    "merge2": {
      "version": "1.4.1",
      "resolved": "https://registry.npmjs.org/merge2/-/merge2-1.4.1.tgz",
      "integrity": "sha512-8q7VEgMJW4J8tcfVPy8g09NcQwZdbwFEqhe/WZkoIzjn/3TGDwtOCYtXGxA3O8tPzpczCCDgv+P2P5y00ZJOOg=="
    },
    "micromatch": {
      "version": "4.0.4",
      "resolved": "https://registry.npmjs.org/micromatch/-/micromatch-4.0.4.tgz",
      "integrity": "sha512-pRmzw/XUcwXGpD9aI9q/0XOwLNygjETJ8y0ao0wdqprrzDa4YnxLcz7fQRZr8voh8V10kGhABbNcHVk5wHgWwg==",
      "requires": {
        "braces": "^3.0.1",
        "picomatch": "^2.2.3"
      }
    },
    "picomatch": {
      "version": "2.3.0",
      "resolved": "https://registry.npmjs.org/picomatch/-/picomatch-2.3.0.tgz",
      "integrity": "sha512-lY1Q/PiJGC2zOv/z391WOTD+Z02bCgsFfvxoXXf6h7kv9o+WmsmzYqrAwY63sNgOxE4xEdq0WyUnXfKeBrSvYw=="
    },
    "queue-microtask": {
      "version": "1.2.3",
      "resolved": "https://registry.npmjs.org/queue-microtask/-/queue-microtask-1.2.3.tgz",
      "integrity": "sha512-NuaNSa6flKT5JaSYQzJok04JzTL1CA6aGhv5rfLW3PgqA+M2ChpZQnAC8h8i4ZFkBS8X5RqkDBHA7r4hej3K9A=="
    },
    "reusify": {
      "version": "1.0.4",
      "resolved": "https://registry.npmjs.org/reusify/-/reusify-1.0.4.tgz",
      "integrity": "sha512-U9nH88a3fc/ekCF1l0/UP1IosiuIjyTh7hBvXVMHYgVcfGvt897Xguj2UOLDeI5BG2m7/uwyaLVT6fbtCwTyzw=="
    },
    "run-parallel": {
      "version": "1.2.0",
      "resolved": "https://registry.npmjs.org/run-parallel/-/run-parallel-1.2.0.tgz",
      "integrity": "sha512-5l4VyZR86LZ/lDxZTR6jqL8AFE2S0IFLMP26AbjsLVADxHdhB/c0GUsH+y39UfCi3dzz8OlQuPmnaJOMoDHQBA==",
      "requires": {
        "queue-microtask": "^1.2.2"
      }
    },
    "slash": {
      "version": "3.0.0",
      "resolved": "https://registry.npmjs.org/slash/-/slash-3.0.0.tgz",
      "integrity": "sha512-g9Q1haeby36OSStwb4ntCGGGaKsaVSjQ68fBxoQcutl5fS1vuY18H3wSt3jFyFtrkx+Kz0V1G85A4MyAdDMi2Q=="
    },
    "source-map": {
      "version": "0.7.3",
      "resolved": "https://registry.npmjs.org/source-map/-/source-map-0.7.3.tgz",
      "integrity": "sha512-CkCj6giN3S+n9qrYiBTX5gystlENnRW5jZeNLHpe6aue+SrHcG5VYwujhW9s4dY31mEGsxBDrHR6oI69fTXsaQ=="
    },
    "to-regex-range": {
      "version": "5.0.1",
      "resolved": "https://registry.npmjs.org/to-regex-range/-/to-regex-range-5.0.1.tgz",
      "integrity": "sha512-65P7iz6X5yEr1cwcgvQxbbIw7Uk3gOy5dIdtZ4rDveLqhrdJP+Li/Hx6tyK0NEb+2GCyneCMJiGqrADCSNk8sQ==",
      "requires": {
        "is-number": "^7.0.0"
      }
    }
  }
}
